
Microsoft Visual Studio Solution File, Format Version 12.00
# Visual Studio Version 16
VisualStudioVersion = 16.0.29009.5
MinimumVisualStudioVersion = 10.0.40219.1
Project("{FAE04EC0-301F-11D3-BF4B-00C04F79EFBC}") = "HackerRankTests", "HackerRankTests\HackerRankTests.csproj", "{8F35F684-448B-4AD5-99D9-D24C1EE585C9}"
EndProject
Project("{FAE04EC0-301F-11D3-BF4B-00C04F79EFBC}") = "HackerRank", "HackerRank\HackerRank.csproj", "{1602E376-1B61-46D7-9B62-2BC08DE397A3}"
EndProject
Global
	GlobalSection(SolutionConfigurationPlatforms) = preSolution
		Debug|Any CPU = Debug|Any CPU
		Release|Any CPU = Release|Any CPU
	EndGlobalSection
	GlobalSection(ProjectConfigurationPlatforms) = postSolution
		{8F35F684-448B-4AD5-99D9-D24C1EE585C9}.Debug|Any CPU.ActiveCfg = Debug|Any CPU
		{8F35F684-448B-4AD5-99D9-D24C1EE585C9}.Debug|Any CPU.Build.0 = Debug|Any CPU
		{8F35F684-448B-4AD5-99D9-D24C1EE585C9}.Release|Any CPU.ActiveCfg = Release|Any CPU
		{8F35F684-448B-4AD5-99D9-D24C1EE585C9}.Release|Any CPU.Build.0 = Release|Any CPU
		{1602E376-1B61-46D7-9B62-2BC08DE397A3}.Debug|Any CPU.ActiveCfg = Debug|Any CPU
		{1602E376-1B61-46D7-9B62-2BC08DE397A3}.Debug|Any CPU.Build.0 = Debug|Any CPU
		{1602E376-1B61-46D7-9B62-2BC08DE397A3}.Release|Any CPU.ActiveCfg = Release|Any CPU
		{1602E376-1B61-46D7-9B62-2BC08DE397A3}.Release|Any CPU.Build.0 = Release|Any CPU
	EndGlobalSection
	GlobalSection(SolutionProperties) = preSolution
		HideSolutionNode = FALSE
	EndGlobalSection
	GlobalSection(ExtensibilityGlobals) = postSolution
		SolutionGuid = {F0E476E6-9D84-40D3-AC04-88DF72423D7E}
	EndGlobalSection
EndGlobal
