
Microsoft Visual Studio Solution File, Format Version 12.00
# Visual Studio Version 16
VisualStudioVersion = 16.0.29009.5
MinimumVisualStudioVersion = 10.0.40219.1
Project("{9A19103F-16F7-4668-BE54-9A1E7A4F7556}") = "HackerRankTests", "HackerRankTests\HackerRankTests.csproj", "{2CE709B9-A468-49E3-A997-A507645A0521}"
EndProject
Project("{9A19103F-16F7-4668-BE54-9A1E7A4F7556}") = "HackerRank", "HackerRank\HackerRank.csproj", "{10FB51AF-6105-4C75-8808-679FFCDBF1FA}"
EndProject
Project("{9A19103F-16F7-4668-BE54-9A1E7A4F7556}") = "CodingExcercises", "CodingExcercises\CodingExcercises.csproj", "{E5F66E69-13F8-4789-BC12-23657F5BC927}"
EndProject
Project("{9A19103F-16F7-4668-BE54-9A1E7A4F7556}") = "CodingExcercisesTests", "CodingExcercisesTests\CodingExcercisesTests.csproj", "{B59F7503-4A67-4FF7-B86D-A5E2AD3B2E8B}"
EndProject
Project("{9A19103F-16F7-4668-BE54-9A1E7A4F7556}") = "Playground", "PlaygroundTests\Playground.csproj", "{721500EC-49F1-4EE8-86D3-7EAD4E10CF6A}"
EndProject
Project("{9A19103F-16F7-4668-BE54-9A1E7A4F7556}") = "WebApplicatication", "WebApplicatication\WebApplicatication.csproj", "{390BCD41-ACF0-407C-93E5-60A1BE43D536}"
EndProject
Project("{9A19103F-16F7-4668-BE54-9A1E7A4F7556}") = "WebApplicaticationTests", "WebApplicaticationTests\WebApplicaticationTests.csproj", "{2C96C0FF-E35B-4F26-8396-CD047831241F}"
EndProject
Project("{9A19103F-16F7-4668-BE54-9A1E7A4F7556}") = "LeetCode", "LeetCode\LeetCode.csproj", "{C6598B40-765D-4FA6-BEEB-04C5D70D1DA9}"
EndProject
Project("{9A19103F-16F7-4668-BE54-9A1E7A4F7556}") = "LeetCodeTests", "LeetCodeTests\LeetCodeTests.csproj", "{7D5D8438-1F76-4380-B749-7897C98EC3F6}"
EndProject
Project("{FAE04EC0-301F-11D3-BF4B-00C04F79EFBC}") = "GeeksForGeeks", "GeeksForGeeks\GeeksForGeeks.csproj", "{3BDB9ADE-A8C5-4B80-B2B8-E1CB9A660F72}"
EndProject
Project("{FAE04EC0-301F-11D3-BF4B-00C04F79EFBC}") = "GeeksForGeeksTests", "GeeksForGeeksTests\GeeksForGeeksTests.csproj", "{ADC7EB4B-75DA-4249-B7EA-7A295A303C4B}"
EndProject
Global
	GlobalSection(SolutionConfigurationPlatforms) = preSolution
		Debug|Any CPU = Debug|Any CPU
		Release|Any CPU = Release|Any CPU
	EndGlobalSection
	GlobalSection(ProjectConfigurationPlatforms) = postSolution
		{2CE709B9-A468-49E3-A997-A507645A0521}.Debug|Any CPU.ActiveCfg = Debug|Any CPU
		{2CE709B9-A468-49E3-A997-A507645A0521}.Debug|Any CPU.Build.0 = Debug|Any CPU
		{2CE709B9-A468-49E3-A997-A507645A0521}.Release|Any CPU.ActiveCfg = Release|Any CPU
		{2CE709B9-A468-49E3-A997-A507645A0521}.Release|Any CPU.Build.0 = Release|Any CPU
		{10FB51AF-6105-4C75-8808-679FFCDBF1FA}.Debug|Any CPU.ActiveCfg = Debug|Any CPU
		{10FB51AF-6105-4C75-8808-679FFCDBF1FA}.Debug|Any CPU.Build.0 = Debug|Any CPU
		{10FB51AF-6105-4C75-8808-679FFCDBF1FA}.Release|Any CPU.ActiveCfg = Release|Any CPU
		{10FB51AF-6105-4C75-8808-679FFCDBF1FA}.Release|Any CPU.Build.0 = Release|Any CPU
		{E5F66E69-13F8-4789-BC12-23657F5BC927}.Debug|Any CPU.ActiveCfg = Debug|Any CPU
		{E5F66E69-13F8-4789-BC12-23657F5BC927}.Debug|Any CPU.Build.0 = Debug|Any CPU
		{E5F66E69-13F8-4789-BC12-23657F5BC927}.Release|Any CPU.ActiveCfg = Release|Any CPU
		{E5F66E69-13F8-4789-BC12-23657F5BC927}.Release|Any CPU.Build.0 = Release|Any CPU
		{B59F7503-4A67-4FF7-B86D-A5E2AD3B2E8B}.Debug|Any CPU.ActiveCfg = Debug|Any CPU
		{B59F7503-4A67-4FF7-B86D-A5E2AD3B2E8B}.Debug|Any CPU.Build.0 = Debug|Any CPU
		{B59F7503-4A67-4FF7-B86D-A5E2AD3B2E8B}.Release|Any CPU.ActiveCfg = Release|Any CPU
		{B59F7503-4A67-4FF7-B86D-A5E2AD3B2E8B}.Release|Any CPU.Build.0 = Release|Any CPU
		{721500EC-49F1-4EE8-86D3-7EAD4E10CF6A}.Debug|Any CPU.ActiveCfg = Debug|Any CPU
		{721500EC-49F1-4EE8-86D3-7EAD4E10CF6A}.Debug|Any CPU.Build.0 = Debug|Any CPU
		{721500EC-49F1-4EE8-86D3-7EAD4E10CF6A}.Release|Any CPU.ActiveCfg = Release|Any CPU
		{721500EC-49F1-4EE8-86D3-7EAD4E10CF6A}.Release|Any CPU.Build.0 = Release|Any CPU
		{390BCD41-ACF0-407C-93E5-60A1BE43D536}.Debug|Any CPU.ActiveCfg = Debug|Any CPU
		{390BCD41-ACF0-407C-93E5-60A1BE43D536}.Debug|Any CPU.Build.0 = Debug|Any CPU
		{390BCD41-ACF0-407C-93E5-60A1BE43D536}.Release|Any CPU.ActiveCfg = Release|Any CPU
		{390BCD41-ACF0-407C-93E5-60A1BE43D536}.Release|Any CPU.Build.0 = Release|Any CPU
		{2C96C0FF-E35B-4F26-8396-CD047831241F}.Debug|Any CPU.ActiveCfg = Debug|Any CPU
		{2C96C0FF-E35B-4F26-8396-CD047831241F}.Debug|Any CPU.Build.0 = Debug|Any CPU
		{2C96C0FF-E35B-4F26-8396-CD047831241F}.Release|Any CPU.ActiveCfg = Release|Any CPU
		{2C96C0FF-E35B-4F26-8396-CD047831241F}.Release|Any CPU.Build.0 = Release|Any CPU
		{C6598B40-765D-4FA6-BEEB-04C5D70D1DA9}.Debug|Any CPU.ActiveCfg = Debug|Any CPU
		{C6598B40-765D-4FA6-BEEB-04C5D70D1DA9}.Debug|Any CPU.Build.0 = Debug|Any CPU
		{C6598B40-765D-4FA6-BEEB-04C5D70D1DA9}.Release|Any CPU.ActiveCfg = Release|Any CPU
		{C6598B40-765D-4FA6-BEEB-04C5D70D1DA9}.Release|Any CPU.Build.0 = Release|Any CPU
		{7D5D8438-1F76-4380-B749-7897C98EC3F6}.Debug|Any CPU.ActiveCfg = Debug|Any CPU
		{7D5D8438-1F76-4380-B749-7897C98EC3F6}.Debug|Any CPU.Build.0 = Debug|Any CPU
		{7D5D8438-1F76-4380-B749-7897C98EC3F6}.Release|Any CPU.ActiveCfg = Release|Any CPU
		{7D5D8438-1F76-4380-B749-7897C98EC3F6}.Release|Any CPU.Build.0 = Release|Any CPU
		{3BDB9ADE-A8C5-4B80-B2B8-E1CB9A660F72}.Debug|Any CPU.ActiveCfg = Debug|Any CPU
		{3BDB9ADE-A8C5-4B80-B2B8-E1CB9A660F72}.Debug|Any CPU.Build.0 = Debug|Any CPU
		{3BDB9ADE-A8C5-4B80-B2B8-E1CB9A660F72}.Release|Any CPU.ActiveCfg = Release|Any CPU
		{3BDB9ADE-A8C5-4B80-B2B8-E1CB9A660F72}.Release|Any CPU.Build.0 = Release|Any CPU
		{ADC7EB4B-75DA-4249-B7EA-7A295A303C4B}.Debug|Any CPU.ActiveCfg = Debug|Any CPU
		{ADC7EB4B-75DA-4249-B7EA-7A295A303C4B}.Debug|Any CPU.Build.0 = Debug|Any CPU
		{ADC7EB4B-75DA-4249-B7EA-7A295A303C4B}.Release|Any CPU.ActiveCfg = Release|Any CPU
		{ADC7EB4B-75DA-4249-B7EA-7A295A303C4B}.Release|Any CPU.Build.0 = Release|Any CPU
	EndGlobalSection
	GlobalSection(SolutionProperties) = preSolution
		HideSolutionNode = FALSE
	EndGlobalSection
	GlobalSection(ExtensibilityGlobals) = postSolution
		SolutionGuid = {F0E476E6-9D84-40D3-AC04-88DF72423D7E}
	EndGlobalSection
EndGlobal
