
Microsoft Visual Studio Solution File, Format Version 12.00
# Visual Studio Version 16
VisualStudioVersion = 16.0.29009.5
MinimumVisualStudioVersion = 10.0.40219.1
Project("{FAE04EC0-301F-11D3-BF4B-00C04F79EFBC}") = "Basics", "Basics.csproj", "{938C25BF-1C2E-4140-B98C-DFD851329A5E}"
EndProject
Global
	GlobalSection(SolutionConfigurationPlatforms) = preSolution
		Debug|Any CPU = Debug|Any CPU
		Release|Any CPU = Release|Any CPU
	EndGlobalSection
	GlobalSection(ProjectConfigurationPlatforms) = postSolution
		{938C25BF-1C2E-4140-B98C-DFD851329A5E}.Debug|Any CPU.ActiveCfg = Debug|Any CPU
		{938C25BF-1C2E-4140-B98C-DFD851329A5E}.Debug|Any CPU.Build.0 = Debug|Any CPU
		{938C25BF-1C2E-4140-B98C-DFD851329A5E}.Release|Any CPU.ActiveCfg = Release|Any CPU
		{938C25BF-1C2E-4140-B98C-DFD851329A5E}.Release|Any CPU.Build.0 = Release|Any CPU
	EndGlobalSection
	GlobalSection(SolutionProperties) = preSolution
		HideSolutionNode = FALSE
	EndGlobalSection
	GlobalSection(ExtensibilityGlobals) = postSolution
		SolutionGuid = {726EDE24-FDE7-42DD-A736-930DD9A4D92E}
	EndGlobalSection
EndGlobal
