
Microsoft Visual Studio Solution File, Format Version 12.00
# Visual Studio Version 16
VisualStudioVersion = 16.0.29009.5
MinimumVisualStudioVersion = 10.0.40219.1
Project("{FAE04EC0-301F-11D3-BF4B-00C04F79EFBC}") = "Playground", "Playground.csproj", "{13DCE2B3-6BE4-4DFC-AF4E-EDA75AC0D7AB}"
EndProject
Global
	GlobalSection(SolutionConfigurationPlatforms) = preSolution
		Debug|Any CPU = Debug|Any CPU
		Release|Any CPU = Release|Any CPU
	EndGlobalSection
	GlobalSection(ProjectConfigurationPlatforms) = postSolution
		{13DCE2B3-6BE4-4DFC-AF4E-EDA75AC0D7AB}.Debug|Any CPU.ActiveCfg = Debug|Any CPU
		{13DCE2B3-6BE4-4DFC-AF4E-EDA75AC0D7AB}.Debug|Any CPU.Build.0 = Debug|Any CPU
		{13DCE2B3-6BE4-4DFC-AF4E-EDA75AC0D7AB}.Release|Any CPU.ActiveCfg = Release|Any CPU
		{13DCE2B3-6BE4-4DFC-AF4E-EDA75AC0D7AB}.Release|Any CPU.Build.0 = Release|Any CPU
	EndGlobalSection
	GlobalSection(SolutionProperties) = preSolution
		HideSolutionNode = FALSE
	EndGlobalSection
	GlobalSection(ExtensibilityGlobals) = postSolution
		SolutionGuid = {F0E476E6-9D84-40D3-AC04-88DF72423D7E}
	EndGlobalSection
EndGlobal
